
Microsoft Visual Studio Solution File, Format Version 12.00
# Visual Studio Version 17
VisualStudioVersion = 17.8.34330.188
MinimumVisualStudioVersion = 10.0.40219.1
Project("{FAE04EC0-301F-11D3-BF4B-00C04F79EFBC}") = "NguyenThanhHuy-31231025985", "NguyenThanhHuy-31231025985\NguyenThanhHuy-31231025985.csproj", "{7E01BF0F-0A9D-4D8B-9DC0-48BAC5FA7476}"
EndProject
Global
	GlobalSection(SolutionConfigurationPlatforms) = preSolution
		Debug|Any CPU = Debug|Any CPU
		Release|Any CPU = Release|Any CPU
	EndGlobalSection
	GlobalSection(ProjectConfigurationPlatforms) = postSolution
		{7E01BF0F-0A9D-4D8B-9DC0-48BAC5FA7476}.Debug|Any CPU.ActiveCfg = Debug|Any CPU
		{7E01BF0F-0A9D-4D8B-9DC0-48BAC5FA7476}.Debug|Any CPU.Build.0 = Debug|Any CPU
		{7E01BF0F-0A9D-4D8B-9DC0-48BAC5FA7476}.Release|Any CPU.ActiveCfg = Release|Any CPU
		{7E01BF0F-0A9D-4D8B-9DC0-48BAC5FA7476}.Release|Any CPU.Build.0 = Release|Any CPU
	EndGlobalSection
	GlobalSection(SolutionProperties) = preSolution
		HideSolutionNode = FALSE
	EndGlobalSection
	GlobalSection(ExtensibilityGlobals) = postSolution
		SolutionGuid = {F9AAD5C4-9FA9-455E-A21E-DC41D0C57EDD}
	EndGlobalSection
EndGlobal
